
Microsoft Visual Studio Solution File, Format Version 12.00
# Visual Studio Version 17
VisualStudioVersion = 17.14.36109.1 d17.14
MinimumVisualStudioVersion = 10.0.40219.1
Project("{FAE04EC0-301F-11D3-BF4B-00C04F79EFBC}") = "ASP.NET_WEBAPI_Angular_Integration", "ASP.NET_WEBAPI_Angular_Integration\ASP.NET_WEBAPI_Angular_Integration.csproj", "{AFA0A95D-3F9A-4171-9FDA-425DDBB471E2}"
EndProject
Global
	GlobalSection(SolutionConfigurationPlatforms) = preSolution
		Debug|Any CPU = Debug|Any CPU
		Release|Any CPU = Release|Any CPU
	EndGlobalSection
	GlobalSection(ProjectConfigurationPlatforms) = postSolution
		{AFA0A95D-3F9A-4171-9FDA-425DDBB471E2}.Debug|Any CPU.ActiveCfg = Debug|Any CPU
		{AFA0A95D-3F9A-4171-9FDA-425DDBB471E2}.Debug|Any CPU.Build.0 = Debug|Any CPU
		{AFA0A95D-3F9A-4171-9FDA-425DDBB471E2}.Release|Any CPU.ActiveCfg = Release|Any CPU
		{AFA0A95D-3F9A-4171-9FDA-425DDBB471E2}.Release|Any CPU.Build.0 = Release|Any CPU
	EndGlobalSection
	GlobalSection(SolutionProperties) = preSolution
		HideSolutionNode = FALSE
	EndGlobalSection
	GlobalSection(ExtensibilityGlobals) = postSolution
		SolutionGuid = {88E56F08-316A-4AF7-8B31-6A18E6D16370}
	EndGlobalSection
EndGlobal
